// !$*UTF8*$!
{
	archiveVersion = 1;
	classes = {
	};
	objectVersion = 50;
	objects = {

/* Begin PBXBuildFile section */
		63EC6E41253B47BA00D7CD64 /* AppDelegate.swift in Sources */ = {isa = PBXBuildFile; fileRef = 63EC6E40253B47BA00D7CD64 /* AppDelegate.swift */; };
		63EC6E43253B47BA00D7CD64 /* SceneDelegate.swift in Sources */ = {isa = PBXBuildFile; fileRef = 63EC6E42253B47BA00D7CD64 /* SceneDelegate.swift */; };
		63EC6E45253B47BA00D7CD64 /* ViewController.swift in Sources */ = {isa = PBXBuildFile; fileRef = 63EC6E44253B47BA00D7CD64 /* ViewController.swift */; };
		63EC6E48253B47BA00D7CD64 /* Main.storyboard in Resources */ = {isa = PBXBuildFile; fileRef = 63EC6E46253B47BA00D7CD64 /* Main.storyboard */; };
		63EC6E4B253B47BB00D7CD64 /* CVTwiPush_iOS.xcdatamodeld in Sources */ = {isa = PBXBuildFile; fileRef = 63EC6E49253B47BA00D7CD64 /* CVTwiPush_iOS.xcdatamodeld */; };
		63EC6E4D253B47BC00D7CD64 /* Assets.xcassets in Resources */ = {isa = PBXBuildFile; fileRef = 63EC6E4C253B47BC00D7CD64 /* Assets.xcassets */; };
		63EC6E50253B47BC00D7CD64 /* LaunchScreen.storyboard in Resources */ = {isa = PBXBuildFile; fileRef = 63EC6E4E253B47BC00D7CD64 /* LaunchScreen.storyboard */; };
		63EC6E5B253B47BD00D7CD64 /* CVTwiPush_iOSTests.swift in Sources */ = {isa = PBXBuildFile; fileRef = 63EC6E5A253B47BD00D7CD64 /* CVTwiPush_iOSTests.swift */; };
		63EC6E66253B47BD00D7CD64 /* CVTwiPush_iOSUITests.swift in Sources */ = {isa = PBXBuildFile; fileRef = 63EC6E65253B47BD00D7CD64 /* CVTwiPush_iOSUITests.swift */; };
/* End PBXBuildFile section */

/* Begin PBXContainerItemProxy section */
		63EC6E57253B47BD00D7CD64 /* PBXContainerItemProxy */ = {
			isa = PBXContainerItemProxy;
			containerPortal = 63EC6E35253B47BA00D7CD64 /* Project object */;
			proxyType = 1;
			remoteGlobalIDString = 63EC6E3C253B47BA00D7CD64;
			remoteInfo = "CVTwiPush-iOS";
		};
		63EC6E62253B47BD00D7CD64 /* PBXContainerItemProxy */ = {
			isa = PBXContainerItemProxy;
			containerPortal = 63EC6E35253B47BA00D7CD64 /* Project object */;
			proxyType = 1;
			remoteGlobalIDString = 63EC6E3C253B47BA00D7CD64;
			remoteInfo = "CVTwiPush-iOS";
		};
/* End PBXContainerItemProxy section */

/* Begin PBXFileReference section */
		63EC6E3D253B47BA00D7CD64 /* CVTwiPush-iOS.app */ = {isa = PBXFileReference; explicitFileType = wrapper.application; includeInIndex = 0; path = "CVTwiPush-iOS.app"; sourceTree = BUILT_PRODUCTS_DIR; };
		63EC6E40253B47BA00D7CD64 /* AppDelegate.swift */ = {isa = PBXFileReference; lastKnownFileType = sourcecode.swift; path = AppDelegate.swift; sourceTree = "<group>"; };
		63EC6E42253B47BA00D7CD64 /* SceneDelegate.swift */ = {isa = PBXFileReference; lastKnownFileType = sourcecode.swift; path = SceneDelegate.swift; sourceTree = "<group>"; };
		63EC6E44253B47BA00D7CD64 /* ViewController.swift */ = {isa = PBXFileReference; lastKnownFileType = sourcecode.swift; path = ViewController.swift; sourceTree = "<group>"; };
		63EC6E47253B47BA00D7CD64 /* Base */ = {isa = PBXFileReference; lastKnownFileType = file.storyboard; name = Base; path = Base.lproj/Main.storyboard; sourceTree = "<group>"; };
		63EC6E4A253B47BB00D7CD64 /* CVTwiPush_iOS.xcdatamodel */ = {isa = PBXFileReference; lastKnownFileType = wrapper.xcdatamodel; path = CVTwiPush_iOS.xcdatamodel; sourceTree = "<group>"; };
		63EC6E4C253B47BC00D7CD64 /* Assets.xcassets */ = {isa = PBXFileReference; lastKnownFileType = folder.assetcatalog; path = Assets.xcassets; sourceTree = "<group>"; };
		63EC6E4F253B47BC00D7CD64 /* Base */ = {isa = PBXFileReference; lastKnownFileType = file.storyboard; name = Base; path = Base.lproj/LaunchScreen.storyboard; sourceTree = "<group>"; };
		63EC6E51253B47BC00D7CD64 /* Info.plist */ = {isa = PBXFileReference; lastKnownFileType = text.plist.xml; path = Info.plist; sourceTree = "<group>"; };
		63EC6E56253B47BD00D7CD64 /* CVTwiPush-iOSTests.xctest */ = {isa = PBXFileReference; explicitFileType = wrapper.cfbundle; includeInIndex = 0; path = "CVTwiPush-iOSTests.xctest"; sourceTree = BUILT_PRODUCTS_DIR; };
		63EC6E5A253B47BD00D7CD64 /* CVTwiPush_iOSTests.swift */ = {isa = PBXFileReference; lastKnownFileType = sourcecode.swift; path = CVTwiPush_iOSTests.swift; sourceTree = "<group>"; };
		63EC6E5C253B47BD00D7CD64 /* Info.plist */ = {isa = PBXFileReference; lastKnownFileType = text.plist.xml; path = Info.plist; sourceTree = "<group>"; };
		63EC6E61253B47BD00D7CD64 /* CVTwiPush-iOSUITests.xctest */ = {isa = PBXFileReference; explicitFileType = wrapper.cfbundle; includeInIndex = 0; path = "CVTwiPush-iOSUITests.xctest"; sourceTree = BUILT_PRODUCTS_DIR; };
		63EC6E65253B47BD00D7CD64 /* CVTwiPush_iOSUITests.swift */ = {isa = PBXFileReference; lastKnownFileType = sourcecode.swift; path = CVTwiPush_iOSUITests.swift; sourceTree = "<group>"; };
		63EC6E67253B47BD00D7CD64 /* Info.plist */ = {isa = PBXFileReference; lastKnownFileType = text.plist.xml; path = Info.plist; sourceTree = "<group>"; };
/* End PBXFileReference section */

/* Begin PBXFrameworksBuildPhase section */
		63EC6E3A253B47BA00D7CD64 /* Frameworks */ = {
			isa = PBXFrameworksBuildPhase;
			buildActionMask = 2147483647;
			files = (
			);
			runOnlyForDeploymentPostprocessing = 0;
		};
		63EC6E53253B47BD00D7CD64 /* Frameworks */ = {
			isa = PBXFrameworksBuildPhase;
			buildActionMask = 2147483647;
			files = (
			);
			runOnlyForDeploymentPostprocessing = 0;
		};
		63EC6E5E253B47BD00D7CD64 /* Frameworks */ = {
			isa = PBXFrameworksBuildPhase;
			buildActionMask = 2147483647;
			files = (
			);
			runOnlyForDeploymentPostprocessing = 0;
		};
/* End PBXFrameworksBuildPhase section */

/* Begin PBXGroup section */
		63EC6E34253B47BA00D7CD64 = {
			isa = PBXGroup;
			children = (
				63EC6E3F253B47BA00D7CD64 /* CVTwiPush-iOS */,
				63EC6E59253B47BD00D7CD64 /* CVTwiPush-iOSTests */,
				63EC6E64253B47BD00D7CD64 /* CVTwiPush-iOSUITests */,
				63EC6E3E253B47BA00D7CD64 /* Products */,
			);
			sourceTree = "<group>";
		};
		63EC6E3E253B47BA00D7CD64 /* Products */ = {
			isa = PBXGroup;
			children = (
				63EC6E3D253B47BA00D7CD64 /* CVTwiPush-iOS.app */,
				63EC6E56253B47BD00D7CD64 /* CVTwiPush-iOSTests.xctest */,
				63EC6E61253B47BD00D7CD64 /* CVTwiPush-iOSUITests.xctest */,
			);
			name = Products;
			sourceTree = "<group>";
		};
		63EC6E3F253B47BA00D7CD64 /* CVTwiPush-iOS */ = {
			isa = PBXGroup;
			children = (
				63EC6E40253B47BA00D7CD64 /* AppDelegate.swift */,
				63EC6E42253B47BA00D7CD64 /* SceneDelegate.swift */,
				63EC6E44253B47BA00D7CD64 /* ViewController.swift */,
				63EC6E46253B47BA00D7CD64 /* Main.storyboard */,
				63EC6E4C253B47BC00D7CD64 /* Assets.xcassets */,
				63EC6E4E253B47BC00D7CD64 /* LaunchScreen.storyboard */,
				63EC6E51253B47BC00D7CD64 /* Info.plist */,
				63EC6E49253B47BA00D7CD64 /* CVTwiPush_iOS.xcdatamodeld */,
			);
			path = "CVTwiPush-iOS";
			sourceTree = "<group>";
		};
		63EC6E59253B47BD00D7CD64 /* CVTwiPush-iOSTests */ = {
			isa = PBXGroup;
			children = (
				63EC6E5A253B47BD00D7CD64 /* CVTwiPush_iOSTests.swift */,
				63EC6E5C253B47BD00D7CD64 /* Info.plist */,
			);
			path = "CVTwiPush-iOSTests";
			sourceTree = "<group>";
		};
		63EC6E64253B47BD00D7CD64 /* CVTwiPush-iOSUITests */ = {
			isa = PBXGroup;
			children = (
				63EC6E65253B47BD00D7CD64 /* CVTwiPush_iOSUITests.swift */,
				63EC6E67253B47BD00D7CD64 /* Info.plist */,
			);
			path = "CVTwiPush-iOSUITests";
			sourceTree = "<group>";
		};
/* End PBXGroup section */

/* Begin PBXNativeTarget section */
		63EC6E3C253B47BA00D7CD64 /* CVTwiPush-iOS */ = {
			isa = PBXNativeTarget;
			buildConfigurationList = 63EC6E6A253B47BD00D7CD64 /* Build configuration list for PBXNativeTarget "CVTwiPush-iOS" */;
			buildPhases = (
				63EC6E39253B47BA00D7CD64 /* Sources */,
				63EC6E3A253B47BA00D7CD64 /* Frameworks */,
				63EC6E3B253B47BA00D7CD64 /* Resources */,
			);
			buildRules = (
			);
			dependencies = (
			);
			name = "CVTwiPush-iOS";
			productName = "CVTwiPush-iOS";
			productReference = 63EC6E3D253B47BA00D7CD64 /* CVTwiPush-iOS.app */;
			productType = "com.apple.product-type.application";
		};
		63EC6E55253B47BD00D7CD64 /* CVTwiPush-iOSTests */ = {
			isa = PBXNativeTarget;
			buildConfigurationList = 63EC6E6D253B47BD00D7CD64 /* Build configuration list for PBXNativeTarget "CVTwiPush-iOSTests" */;
			buildPhases = (
				63EC6E52253B47BD00D7CD64 /* Sources */,
				63EC6E53253B47BD00D7CD64 /* Frameworks */,
				63EC6E54253B47BD00D7CD64 /* Resources */,
			);
			buildRules = (
			);
			dependencies = (
				63EC6E58253B47BD00D7CD64 /* PBXTargetDependency */,
			);
			name = "CVTwiPush-iOSTests";
			productName = "CVTwiPush-iOSTests";
			productReference = 63EC6E56253B47BD00D7CD64 /* CVTwiPush-iOSTests.xctest */;
			productType = "com.apple.product-type.bundle.unit-test";
		};
		63EC6E60253B47BD00D7CD64 /* CVTwiPush-iOSUITests */ = {
			isa = PBXNativeTarget;
			buildConfigurationList = 63EC6E70253B47BD00D7CD64 /* Build configuration list for PBXNativeTarget "CVTwiPush-iOSUITests" */;
			buildPhases = (
				63EC6E5D253B47BD00D7CD64 /* Sources */,
				63EC6E5E253B47BD00D7CD64 /* Frameworks */,
				63EC6E5F253B47BD00D7CD64 /* Resources */,
			);
			buildRules = (
			);
			dependencies = (
				63EC6E63253B47BD00D7CD64 /* PBXTargetDependency */,
			);
			name = "CVTwiPush-iOSUITests";
			productName = "CVTwiPush-iOSUITests";
			productReference = 63EC6E61253B47BD00D7CD64 /* CVTwiPush-iOSUITests.xctest */;
			productType = "com.apple.product-type.bundle.ui-testing";
		};
/* End PBXNativeTarget section */

/* Begin PBXProject section */
		63EC6E35253B47BA00D7CD64 /* Project object */ = {
			isa = PBXProject;
			attributes = {
				LastSwiftUpdateCheck = 1200;
				LastUpgradeCheck = 1200;
				TargetAttributes = {
					63EC6E3C253B47BA00D7CD64 = {
						CreatedOnToolsVersion = 12.0.1;
					};
					63EC6E55253B47BD00D7CD64 = {
						CreatedOnToolsVersion = 12.0.1;
						TestTargetID = 63EC6E3C253B47BA00D7CD64;
					};
					63EC6E60253B47BD00D7CD64 = {
						CreatedOnToolsVersion = 12.0.1;
						TestTargetID = 63EC6E3C253B47BA00D7CD64;
					};
				};
			};
			buildConfigurationList = 63EC6E38253B47BA00D7CD64 /* Build configuration list for PBXProject "CVTwiPush-iOS" */;
			compatibilityVersion = "Xcode 9.3";
			developmentRegion = en;
			hasScannedForEncodings = 0;
			knownRegions = (
				en,
				Base,
			);
			mainGroup = 63EC6E34253B47BA00D7CD64;
			productRefGroup = 63EC6E3E253B47BA00D7CD64 /* Products */;
			projectDirPath = "";
			projectRoot = "";
			targets = (
				63EC6E3C253B47BA00D7CD64 /* CVTwiPush-iOS */,
				63EC6E55253B47BD00D7CD64 /* CVTwiPush-iOSTests */,
				63EC6E60253B47BD00D7CD64 /* CVTwiPush-iOSUITests */,
			);
		};
/* End PBXProject section */

/* Begin PBXResourcesBuildPhase section */
		63EC6E3B253B47BA00D7CD64 /* Resources */ = {
			isa = PBXResourcesBuildPhase;
			buildActionMask = 2147483647;
			files = (
				63EC6E50253B47BC00D7CD64 /* LaunchScreen.storyboard in Resources */,
				63EC6E4D253B47BC00D7CD64 /* Assets.xcassets in Resources */,
				63EC6E48253B47BA00D7CD64 /* Main.storyboard in Resources */,
			);
			runOnlyForDeploymentPostprocessing = 0;
		};
		63EC6E54253B47BD00D7CD64 /* Resources */ = {
			isa = PBXResourcesBuildPhase;
			buildActionMask = 2147483647;
			files = (
			);
			runOnlyForDeploymentPostprocessing = 0;
		};
		63EC6E5F253B47BD00D7CD64 /* Resources */ = {
			isa = PBXResourcesBuildPhase;
			buildActionMask = 2147483647;
			files = (
			);
			runOnlyForDeploymentPostprocessing = 0;
		};
/* End PBXResourcesBuildPhase section */

/* Begin PBXSourcesBuildPhase section */
		63EC6E39253B47BA00D7CD64 /* Sources */ = {
			isa = PBXSourcesBuildPhase;
			buildActionMask = 2147483647;
			files = (
				63EC6E45253B47BA00D7CD64 /* ViewController.swift in Sources */,
				63EC6E4B253B47BB00D7CD64 /* CVTwiPush_iOS.xcdatamodeld in Sources */,
				63EC6E41253B47BA00D7CD64 /* AppDelegate.swift in Sources */,
				63EC6E43253B47BA00D7CD64 /* SceneDelegate.swift in Sources */,
			);
			runOnlyForDeploymentPostprocessing = 0;
		};
		63EC6E52253B47BD00D7CD64 /* Sources */ = {
			isa = PBXSourcesBuildPhase;
			buildActionMask = 2147483647;
			files = (
				63EC6E5B253B47BD00D7CD64 /* CVTwiPush_iOSTests.swift in Sources */,
			);
			runOnlyForDeploymentPostprocessing = 0;
		};
		63EC6E5D253B47BD00D7CD64 /* Sources */ = {
			isa = PBXSourcesBuildPhase;
			buildActionMask = 2147483647;
			files = (
				63EC6E66253B47BD00D7CD64 /* CVTwiPush_iOSUITests.swift in Sources */,
			);
			runOnlyForDeploymentPostprocessing = 0;
		};
/* End PBXSourcesBuildPhase section */

/* Begin PBXTargetDependency section */
		63EC6E58253B47BD00D7CD64 /* PBXTargetDependency */ = {
			isa = PBXTargetDependency;
			target = 63EC6E3C253B47BA00D7CD64 /* CVTwiPush-iOS */;
			targetProxy = 63EC6E57253B47BD00D7CD64 /* PBXContainerItemProxy */;
		};
		63EC6E63253B47BD00D7CD64 /* PBXTargetDependency */ = {
			isa = PBXTargetDependency;
			target = 63EC6E3C253B47BA00D7CD64 /* CVTwiPush-iOS */;
			targetProxy = 63EC6E62253B47BD00D7CD64 /* PBXContainerItemProxy */;
		};
/* End PBXTargetDependency section */

/* Begin PBXVariantGroup section */
		63EC6E46253B47BA00D7CD64 /* Main.storyboard */ = {
			isa = PBXVariantGroup;
			children = (
				63EC6E47253B47BA00D7CD64 /* Base */,
			);
			name = Main.storyboard;
			sourceTree = "<group>";
		};
		63EC6E4E253B47BC00D7CD64 /* LaunchScreen.storyboard */ = {
			isa = PBXVariantGroup;
			children = (
				63EC6E4F253B47BC00D7CD64 /* Base */,
			);
			name = LaunchScreen.storyboard;
			sourceTree = "<group>";
		};
/* End PBXVariantGroup section */

/* Begin XCBuildConfiguration section */
		63EC6E68253B47BD00D7CD64 /* Debug */ = {
			isa = XCBuildConfiguration;
			buildSettings = {
				ALWAYS_SEARCH_USER_PATHS = NO;
				CLANG_ANALYZER_NONNULL = YES;
				CLANG_ANALYZER_NUMBER_OBJECT_CONVERSION = YES_AGGRESSIVE;
				CLANG_CXX_LANGUAGE_STANDARD = "gnu++14";
				CLANG_CXX_LIBRARY = "libc++";
				CLANG_ENABLE_MODULES = YES;
				CLANG_ENABLE_OBJC_ARC = YES;
				CLANG_ENABLE_OBJC_WEAK = YES;
				CLANG_WARN_BLOCK_CAPTURE_AUTORELEASING = YES;
				CLANG_WARN_BOOL_CONVERSION = YES;
				CLANG_WARN_COMMA = YES;
				CLANG_WARN_CONSTANT_CONVERSION = YES;
				CLANG_WARN_DEPRECATED_OBJC_IMPLEMENTATIONS = YES;
				CLANG_WARN_DIRECT_OBJC_ISA_USAGE = YES_ERROR;
				CLANG_WARN_DOCUMENTATION_COMMENTS = YES;
				CLANG_WARN_EMPTY_BODY = YES;
				CLANG_WARN_ENUM_CONVERSION = YES;
				CLANG_WARN_INFINITE_RECURSION = YES;
				CLANG_WARN_INT_CONVERSION = YES;
				CLANG_WARN_NON_LITERAL_NULL_CONVERSION = YES;
				CLANG_WARN_OBJC_IMPLICIT_RETAIN_SELF = YES;
				CLANG_WARN_OBJC_LITERAL_CONVERSION = YES;
				CLANG_WARN_OBJC_ROOT_CLASS = YES_ERROR;
				CLANG_WARN_QUOTED_INCLUDE_IN_FRAMEWORK_HEADER = YES;
				CLANG_WARN_RANGE_LOOP_ANALYSIS = YES;
				CLANG_WARN_STRICT_PROTOTYPES = YES;
				CLANG_WARN_SUSPICIOUS_MOVE = YES;
				CLANG_WARN_UNGUARDED_AVAILABILITY = YES_AGGRESSIVE;
				CLANG_WARN_UNREACHABLE_CODE = YES;
				CLANG_WARN__DUPLICATE_METHOD_MATCH = YES;
				COPY_PHASE_STRIP = NO;
				DEBUG_INFORMATION_FORMAT = dwarf;
				ENABLE_STRICT_OBJC_MSGSEND = YES;
				ENABLE_TESTABILITY = YES;
				GCC_C_LANGUAGE_STANDARD = gnu11;
				GCC_DYNAMIC_NO_PIC = NO;
				GCC_NO_COMMON_BLOCKS = YES;
				GCC_OPTIMIZATION_LEVEL = 0;
				GCC_PREPROCESSOR_DEFINITIONS = (
					"DEBUG=1",
					"$(inherited)",
				);
				GCC_WARN_64_TO_32_BIT_CONVERSION = YES;
				GCC_WARN_ABOUT_RETURN_TYPE = YES_ERROR;
				GCC_WARN_UNDECLARED_SELECTOR = YES;
				GCC_WARN_UNINITIALIZED_AUTOS = YES_AGGRESSIVE;
				GCC_WARN_UNUSED_FUNCTION = YES;
				GCC_WARN_UNUSED_VARIABLE = YES;
				IPHONEOS_DEPLOYMENT_TARGET = 14.0;
				MTL_ENABLE_DEBUG_INFO = INCLUDE_SOURCE;
				MTL_FAST_MATH = YES;
				ONLY_ACTIVE_ARCH = YES;
				SDKROOT = iphoneos;
				SWIFT_ACTIVE_COMPILATION_CONDITIONS = DEBUG;
				SWIFT_OPTIMIZATION_LEVEL = "-Onone";
			};
			name = Debug;
		};
		63EC6E69253B47BD00D7CD64 /* Release */ = {
			isa = XCBuildConfiguration;
			buildSettings = {
				ALWAYS_SEARCH_USER_PATHS = NO;
				CLANG_ANALYZER_NONNULL = YES;
				CLANG_ANALYZER_NUMBER_OBJECT_CONVERSION = YES_AGGRESSIVE;
				CLANG_CXX_LANGUAGE_STANDARD = "gnu++14";
				CLANG_CXX_LIBRARY = "libc++";
				CLANG_ENABLE_MODULES = YES;
				CLANG_ENABLE_OBJC_ARC = YES;
				CLANG_ENABLE_OBJC_WEAK = YES;
				CLANG_WARN_BLOCK_CAPTURE_AUTORELEASING = YES;
				CLANG_WARN_BOOL_CONVERSION = YES;
				CLANG_WARN_COMMA = YES;
				CLANG_WARN_CONSTANT_CONVERSION = YES;
				CLANG_WARN_DEPRECATED_OBJC_IMPLEMENTATIONS = YES;
				CLANG_WARN_DIRECT_OBJC_ISA_USAGE = YES_ERROR;
				CLANG_WARN_DOCUMENTATION_COMMENTS = YES;
				CLANG_WARN_EMPTY_BODY = YES;
				CLANG_WARN_ENUM_CONVERSION = YES;
				CLANG_WARN_INFINITE_RECURSION = YES;
				CLANG_WARN_INT_CONVERSION = YES;
				CLANG_WARN_NON_LITERAL_NULL_CONVERSION = YES;
				CLANG_WARN_OBJC_IMPLICIT_RETAIN_SELF = YES;
				CLANG_WARN_OBJC_LITERAL_CONVERSION = YES;
				CLANG_WARN_OBJC_ROOT_CLASS = YES_ERROR;
				CLANG_WARN_QUOTED_INCLUDE_IN_FRAMEWORK_HEADER = YES;
				CLANG_WARN_RANGE_LOOP_ANALYSIS = YES;
				CLANG_WARN_STRICT_PROTOTYPES = YES;
				CLANG_WARN_SUSPICIOUS_MOVE = YES;
				CLANG_WARN_UNGUARDED_AVAILABILITY = YES_AGGRESSIVE;
				CLANG_WARN_UNREACHABLE_CODE = YES;
				CLANG_WARN__DUPLICATE_METHOD_MATCH = YES;
				COPY_PHASE_STRIP = NO;
				DEBUG_INFORMATION_FORMAT = "dwarf-with-dsym";
				ENABLE_NS_ASSERTIONS = NO;
				ENABLE_STRICT_OBJC_MSGSEND = YES;
				GCC_C_LANGUAGE_STANDARD = gnu11;
				GCC_NO_COMMON_BLOCKS = YES;
				GCC_WARN_64_TO_32_BIT_CONVERSION = YES;
				GCC_WARN_ABOUT_RETURN_TYPE = YES_ERROR;
				GCC_WARN_UNDECLARED_SELECTOR = YES;
				GCC_WARN_UNINITIALIZED_AUTOS = YES_AGGRESSIVE;
				GCC_WARN_UNUSED_FUNCTION = YES;
				GCC_WARN_UNUSED_VARIABLE = YES;
				IPHONEOS_DEPLOYMENT_TARGET = 14.0;
				MTL_ENABLE_DEBUG_INFO = NO;
				MTL_FAST_MATH = YES;
				SDKROOT = iphoneos;
				SWIFT_COMPILATION_MODE = wholemodule;
				SWIFT_OPTIMIZATION_LEVEL = "-O";
				VALIDATE_PRODUCT = YES;
			};
			name = Release;
		};
		63EC6E6B253B47BD00D7CD64 /* Debug */ = {
			isa = XCBuildConfiguration;
			buildSettings = {
				ASSETCATALOG_COMPILER_APPICON_NAME = AppIcon;
				ASSETCATALOG_COMPILER_GLOBAL_ACCENT_COLOR_NAME = AccentColor;
				CODE_SIGN_STYLE = Automatic;
				DEVELOPMENT_TEAM = HL47CW4UD7;
				INFOPLIST_FILE = "CVTwiPush-iOS/Info.plist";
				LD_RUNPATH_SEARCH_PATHS = (
					"$(inherited)",
					"@executable_path/Frameworks",
				);
				PRODUCT_BUNDLE_IDENTIFIER = "com.cvbotunion.CVTwiPush-iOS";
				PRODUCT_NAME = "$(TARGET_NAME)";
				SWIFT_VERSION = 5.0;
				TARGETED_DEVICE_FAMILY = "1,2";
			};
			name = Debug;
		};
		63EC6E6C253B47BD00D7CD64 /* Release */ = {
			isa = XCBuildConfiguration;
			buildSettings = {
				ASSETCATALOG_COMPILER_APPICON_NAME = AppIcon;
				ASSETCATALOG_COMPILER_GLOBAL_ACCENT_COLOR_NAME = AccentColor;
				CODE_SIGN_STYLE = Automatic;
				DEVELOPMENT_TEAM = HL47CW4UD7;
				INFOPLIST_FILE = "CVTwiPush-iOS/Info.plist";
				LD_RUNPATH_SEARCH_PATHS = (
					"$(inherited)",
					"@executable_path/Frameworks",
				);
				PRODUCT_BUNDLE_IDENTIFIER = "com.cvbotunion.CVTwiPush-iOS";
				PRODUCT_NAME = "$(TARGET_NAME)";
				SWIFT_VERSION = 5.0;
				TARGETED_DEVICE_FAMILY = "1,2";
			};
			name = Release;
		};
		63EC6E6E253B47BD00D7CD64 /* Debug */ = {
			isa = XCBuildConfiguration;
			buildSettings = {
				ALWAYS_EMBED_SWIFT_STANDARD_LIBRARIES = YES;
				BUNDLE_LOADER = "$(TEST_HOST)";
				CODE_SIGN_STYLE = Automatic;
				DEVELOPMENT_TEAM = HL47CW4UD7;
				INFOPLIST_FILE = "CVTwiPush-iOSTests/Info.plist";
				IPHONEOS_DEPLOYMENT_TARGET = 14.0;
				LD_RUNPATH_SEARCH_PATHS = (
					"$(inherited)",
					"@executable_path/Frameworks",
					"@loader_path/Frameworks",
				);
				PRODUCT_BUNDLE_IDENTIFIER = "com.cvbotunion.CVTwiPush-iOSTests";
				PRODUCT_NAME = "$(TARGET_NAME)";
				SWIFT_VERSION = 5.0;
				TARGETED_DEVICE_FAMILY = "1,2";
				TEST_HOST = "$(BUILT_PRODUCTS_DIR)/CVTwiPush-iOS.app/CVTwiPush-iOS";
			};
			name = Debug;
		};
		63EC6E6F253B47BD00D7CD64 /* Release */ = {
			isa = XCBuildConfiguration;
			buildSettings = {
				ALWAYS_EMBED_SWIFT_STANDARD_LIBRARIES = YES;
				BUNDLE_LOADER = "$(TEST_HOST)";
				CODE_SIGN_STYLE = Automatic;
				DEVELOPMENT_TEAM = HL47CW4UD7;
				INFOPLIST_FILE = "CVTwiPush-iOSTests/Info.plist";
				IPHONEOS_DEPLOYMENT_TARGET = 14.0;
				LD_RUNPATH_SEARCH_PATHS = (
					"$(inherited)",
					"@executable_path/Frameworks",
					"@loader_path/Frameworks",
				);
				PRODUCT_BUNDLE_IDENTIFIER = "com.cvbotunion.CVTwiPush-iOSTests";
				PRODUCT_NAME = "$(TARGET_NAME)";
				SWIFT_VERSION = 5.0;
				TARGETED_DEVICE_FAMILY = "1,2";
				TEST_HOST = "$(BUILT_PRODUCTS_DIR)/CVTwiPush-iOS.app/CVTwiPush-iOS";
			};
			name = Release;
		};
		63EC6E71253B47BD00D7CD64 /* Debug */ = {
			isa = XCBuildConfiguration;
			buildSettings = {
				ALWAYS_EMBED_SWIFT_STANDARD_LIBRARIES = YES;
				CODE_SIGN_STYLE = Automatic;
				DEVELOPMENT_TEAM = HL47CW4UD7;
				INFOPLIST_FILE = "CVTwiPush-iOSUITests/Info.plist";
				LD_RUNPATH_SEARCH_PATHS = (
					"$(inherited)",
					"@executable_path/Frameworks",
					"@loader_path/Frameworks",
				);
				PRODUCT_BUNDLE_IDENTIFIER = "com.cvbotunion.CVTwiPush-iOSUITests";
				PRODUCT_NAME = "$(TARGET_NAME)";
				SWIFT_VERSION = 5.0;
				TARGETED_DEVICE_FAMILY = "1,2";
				TEST_TARGET_NAME = "CVTwiPush-iOS";
			};
			name = Debug;
		};
		63EC6E72253B47BD00D7CD64 /* Release */ = {
			isa = XCBuildConfiguration;
			buildSettings = {
				ALWAYS_EMBED_SWIFT_STANDARD_LIBRARIES = YES;
				CODE_SIGN_STYLE = Automatic;
				DEVELOPMENT_TEAM = HL47CW4UD7;
				INFOPLIST_FILE = "CVTwiPush-iOSUITests/Info.plist";
				LD_RUNPATH_SEARCH_PATHS = (
					"$(inherited)",
					"@executable_path/Frameworks",
					"@loader_path/Frameworks",
				);
				PRODUCT_BUNDLE_IDENTIFIER = "com.cvbotunion.CVTwiPush-iOSUITests";
				PRODUCT_NAME = "$(TARGET_NAME)";
				SWIFT_VERSION = 5.0;
				TARGETED_DEVICE_FAMILY = "1,2";
				TEST_TARGET_NAME = "CVTwiPush-iOS";
			};
			name = Release;
		};
/* End XCBuildConfiguration section */

/* Begin XCConfigurationList section */
		63EC6E38253B47BA00D7CD64 /* Build configuration list for PBXProject "CVTwiPush-iOS" */ = {
			isa = XCConfigurationList;
			buildConfigurations = (
				63EC6E68253B47BD00D7CD64 /* Debug */,
				63EC6E69253B47BD00D7CD64 /* Release */,
			);
			defaultConfigurationIsVisible = 0;
			defaultConfigurationName = Release;
		};
		63EC6E6A253B47BD00D7CD64 /* Build configuration list for PBXNativeTarget "CVTwiPush-iOS" */ = {
			isa = XCConfigurationList;
			buildConfigurations = (
				63EC6E6B253B47BD00D7CD64 /* Debug */,
				63EC6E6C253B47BD00D7CD64 /* Release */,
			);
			defaultConfigurationIsVisible = 0;
			defaultConfigurationName = Release;
		};
		63EC6E6D253B47BD00D7CD64 /* Build configuration list for PBXNativeTarget "CVTwiPush-iOSTests" */ = {
			isa = XCConfigurationList;
			buildConfigurations = (
				63EC6E6E253B47BD00D7CD64 /* Debug */,
				63EC6E6F253B47BD00D7CD64 /* Release */,
			);
			defaultConfigurationIsVisible = 0;
			defaultConfigurationName = Release;
		};
		63EC6E70253B47BD00D7CD64 /* Build configuration list for PBXNativeTarget "CVTwiPush-iOSUITests" */ = {
			isa = XCConfigurationList;
			buildConfigurations = (
				63EC6E71253B47BD00D7CD64 /* Debug */,
				63EC6E72253B47BD00D7CD64 /* Release */,
			);
			defaultConfigurationIsVisible = 0;
			defaultConfigurationName = Release;
		};
/* End XCConfigurationList section */

/* Begin XCVersionGroup section */
		63EC6E49253B47BA00D7CD64 /* CVTwiPush_iOS.xcdatamodeld */ = {
			isa = XCVersionGroup;
			children = (
				63EC6E4A253B47BB00D7CD64 /* CVTwiPush_iOS.xcdatamodel */,
			);
			currentVersion = 63EC6E4A253B47BB00D7CD64 /* CVTwiPush_iOS.xcdatamodel */;
			path = CVTwiPush_iOS.xcdatamodeld;
			sourceTree = "<group>";
			versionGroupType = wrapper.xcdatamodel;
		};
/* End XCVersionGroup section */
	};
	rootObject = 63EC6E35253B47BA00D7CD64 /* Project object */;
}
